<?xml version="1.0" encoding="utf-8"?>
<Project ToolsVersion="4.0" xmlns="http://schemas.microsoft.com/developer/msbuild/2003">
  <ItemGroup>
    <Filter Include="Source Files">
      <UniqueIdentifier>{4FC737F1-C7A5-4376-A066-2A32D752A2FF}</UniqueIdentifier>
      <Extensions>cpp;c;cc;cxx;c++;cppm;ixx;def;odl;idl;hpj;bat;asm;asmx</Extensions>
    </Filter>
    <Filter Include="Header Files">
      <UniqueIdentifier>{93995380-89BD-4b04-88EB-625FBE52EBFB}</UniqueIdentifier>
      <Extensions>h;hh;hpp;hxx;h++;hm;inl;inc;ipp;xsd</Extensions>
    </Filter>
    <Filter Include="Resource Files">
      <UniqueIdentifier>{67DA6AB6-F800-4c08-8B7A-83BB121AAD01}</UniqueIdentifier>
      <Extensions>rc;ico;cur;bmp;dlg;rc2;rct;bin;rgs;gif;jpg;jpeg;jpe;resx;tiff;tif;png;wav;mfcribbon-ms</Extensions>
    </Filter>
  </ItemGroup>
  <ItemGroup>
    <ClCompile Include="3b1b_backprop.cpp">
      <Filter>Source Files</Filter>
    </ClCompile>
    <ClCompile Include="ImageGenerator.cpp">
      <Filter>Source Files</Filter>
    </ClCompile>
    <ClCompile Include="Layer.cpp">
      <Filter>Source Files</Filter>
    </ClCompile>
    <ClCompile Include="Network.cpp">
      <Filter>Source Files</Filter>
    </ClCompile>
    <ClCompile Include="Parameters.cpp">
      <Filter>Source Files</Filter>
    </ClCompile>
    <ClCompile Include="ActFuncDataBase.cpp">
      <Filter>Source Files</Filter>
    </ClCompile>
    <ClCompile Include="CostFuncDataBase.cpp">
      <Filter>Source Files</Filter>
    </ClCompile>
    <ClCompile Include="ImageUtils.cpp">
      <Filter>Source Files</Filter>
    </ClCompile>
    <ClCompile Include="TrainingThreadPool.cpp">
      <Filter>Source Files</Filter>
    </ClCompile>
    <ClCompile Include="WindowRenderer.cpp">
      <Filter>Source Files</Filter>
    </ClCompile>
  </ItemGroup>
  <ItemGroup>
    <ClInclude Include="CostFunctions.h">
      <Filter>Header Files</Filter>
    </ClInclude>
    <ClInclude Include="CostFuncDataBase.h">
      <Filter>Header Files</Filter>
    </ClInclude>
    <ClInclude Include="ImageGenerator.h">
      <Filter>Header Files</Filter>
    </ClInclude>
    <ClInclude Include="Layer.h">
      <Filter>Source Files</Filter>
    </ClInclude>
    <ClInclude Include="ActivationFunctions.h">
      <Filter>Source Files</Filter>
    </ClInclude>
    <ClInclude Include="Network.h">
      <Filter>Source Files</Filter>
    </ClInclude>
    <ClInclude Include="Parameters.h">
      <Filter>Source Files</Filter>
    </ClInclude>
    <ClInclude Include="Serializable.h">
      <Filter>Source Files</Filter>
    </ClInclude>
    <ClInclude Include="ActFuncDataBase.h">
      <Filter>Source Files</Filter>
    </ClInclude>
    <ClInclude Include="Gemini\MNISTReader.h">
      <Filter>Header Files</Filter>
    </ClInclude>
    <ClInclude Include="Gemini\CustomFileReader.h">
      <Filter>Header Files</Filter>
    </ClInclude>
    <ClInclude Include="Gemini\BMPParser.h">
      <Filter>Header Files</Filter>
    </ClInclude>
    <ClInclude Include="ImageUtils.h">
      <Filter>Header Files</Filter>
    </ClInclude>
    <ClInclude Include="NeuralImageRecreator.hpp">
      <Filter>Header Files</Filter>
    </ClInclude>
    <ClInclude Include="TrainingThreadPool.h">
      <Filter>Header Files</Filter>
    </ClInclude>
    <ClInclude Include="Types.h">
      <Filter>Header Files</Filter>
    </ClInclude>
    <ClInclude Include="WindowRenderer.h">
      <Filter>Header Files</Filter>
    </ClInclude>
  </ItemGroup>
</Project>