<?xml version="1.0" encoding="utf-8"?>
<Project ToolsVersion="4.0" xmlns="http://schemas.microsoft.com/developer/msbuild/2003">
  <ItemGroup>
    <Filter Include="Source Files">
      <UniqueIdentifier>{4FC737F1-C7A5-4376-A066-2A32D752A2FF}</UniqueIdentifier>
      <Extensions>cpp;c;cc;cxx;c++;cppm;ixx;def;odl;idl;hpj;bat;asm;asmx</Extensions>
    </Filter>
    <Filter Include="Header Files">
      <UniqueIdentifier>{93995380-89BD-4b04-88EB-625FBE52EBFB}</UniqueIdentifier>
      <Extensions>h;hh;hpp;hxx;h++;hm;inl;inc;ipp;xsd</Extensions>
    </Filter>
    <Filter Include="Resource Files">
      <UniqueIdentifier>{67DA6AB6-F800-4c08-8B7A-83BB121AAD01}</UniqueIdentifier>
      <Extensions>rc;ico;cur;bmp;dlg;rc2;rct;bin;rgs;gif;jpg;jpeg;jpe;resx;tiff;tif;png;wav;mfcribbon-ms</Extensions>
    </Filter>
    <Filter Include="ParserFiles">
      <UniqueIdentifier>{8bb49271-6c2d-4e59-b6b5-8b60501c55a2}</UniqueIdentifier>
    </Filter>
  </ItemGroup>
  <ItemGroup>
    <ClCompile Include="Code\C++\3b1b_backprop.cpp">
      <Filter>Source Files</Filter>
    </ClCompile>
    <ClCompile Include="Code\C++\ImageGenerator.cpp">
      <Filter>Source Files</Filter>
    </ClCompile>
    <ClCompile Include="Code\C++\Layer.cpp">
      <Filter>Source Files</Filter>
    </ClCompile>
    <ClCompile Include="Code\C++\Network.cpp">
      <Filter>Source Files</Filter>
    </ClCompile>
    <ClCompile Include="Code\C++\Parameters.cpp">
      <Filter>Source Files</Filter>
    </ClCompile>
    <ClCompile Include="Code\C++\ActFuncDataBase.cpp">
      <Filter>Source Files</Filter>
    </ClCompile>
    <ClCompile Include="Code\C++\CostFuncDataBase.cpp">
      <Filter>Source Files</Filter>
    </ClCompile>
    <ClCompile Include="Code\C++\ImageUtils.cpp">
      <Filter>Source Files</Filter>
    </ClCompile>
    <ClCompile Include="Code\C++\TrainingThreadPool.cpp">
      <Filter>Source Files</Filter>
    </ClCompile>
    <ClCompile Include="Code\C++\WindowRenderer.cpp">
      <Filter>Source Files</Filter>
    </ClCompile>
    <ClCompile Include="Code\C++\GpuDataset.cpp">
      <Filter>Source Files</Filter>
    </ClCompile>
    <ClCompile Include="Code\C++\GpuNetwork.cpp">
      <Filter>Source Files</Filter>
    </ClCompile>
    <ClCompile Include="Code\C++\CheckpointUtils.cpp">
      <Filter>Source Files</Filter>
    </ClCompile>
    <ClCompile Include="Code\C++\GpuTrainingPipeline.cpp">
      <Filter>Source Files</Filter>
    </ClCompile>
    <ClCompile Include="Code\C++\NeuralImageRecreator.cpp">
      <Filter>Source Files</Filter>
    </ClCompile>
    <ClCompile Include="Code\C++\TrainingDataset.cpp">
      <Filter>Source Files</Filter>
    </ClCompile>
    <ClCompile Include="Code\C++\TrainingMetricsReporter.cpp">
      <Filter>Source Files</Filter>
    </ClCompile>
    <ClCompile Include="Code\C++\TrainingUserActions.cpp">
      <Filter>Source Files</Filter>
    </ClCompile>
    <ClCompile Include="Code\C++\Gemini\STBImplementation.cpp">
      <Filter>Source Files</Filter>
    </ClCompile>
    <ClCompile Include="Code\C++\PythonVisualizerBridge.cpp">
      <Filter>Source Files</Filter>
    </ClCompile>
  </ItemGroup>
  <ItemGroup>
    <ClInclude Include="Code\C++\CostFunctions.h">
      <Filter>Header Files</Filter>
    </ClInclude>
    <ClInclude Include="Code\C++\CostFuncDataBase.h">
      <Filter>Header Files</Filter>
    </ClInclude>
    <ClInclude Include="Code\C++\ImageGenerator.h">
      <Filter>Header Files</Filter>
    </ClInclude>
    <ClInclude Include="Code\C++\Layer.h">
      <Filter>Source Files</Filter>
    </ClInclude>
    <ClInclude Include="Code\C++\ActivationFunctions.h">
      <Filter>Source Files</Filter>
    </ClInclude>
    <ClInclude Include="Code\C++\Network.h">
      <Filter>Source Files</Filter>
    </ClInclude>
    <ClInclude Include="Code\C++\Parameters.h">
      <Filter>Source Files</Filter>
    </ClInclude>
    <ClInclude Include="Code\C++\Serializable.h">
      <Filter>Source Files</Filter>
    </ClInclude>
    <ClInclude Include="Code\C++\ActFuncDataBase.h">
      <Filter>Source Files</Filter>
    </ClInclude>
    <ClInclude Include="Code\C++\Gemini\MNISTReader.h">
      <Filter>Header Files</Filter>
    </ClInclude>
    <ClInclude Include="Code\C++\Gemini\CustomFileReader.h">
      <Filter>Header Files</Filter>
    </ClInclude>
    <ClInclude Include="Code\C++\ImageUtils.h">
      <Filter>Header Files</Filter>
    </ClInclude>
    <ClInclude Include="Code\C++\TrainingThreadPool.h">
      <Filter>Header Files</Filter>
    </ClInclude>
    <ClInclude Include="Code\C++\Types.h">
      <Filter>Header Files</Filter>
    </ClInclude>
    <ClInclude Include="Code\C++\WindowRenderer.h">
      <Filter>Header Files</Filter>
    </ClInclude>
    <ClInclude Include="Code\cuda\cublas_utils.h">
      <Filter>Header Files</Filter>
    </ClInclude>
    <ClInclude Include="Code\C++\GpuDataset.h">
      <Filter>Header Files</Filter>
    </ClInclude>
    <ClInclude Include="Code\C++\GpuNetwork.h">
      <Filter>Header Files</Filter>
    </ClInclude>
    <ClInclude Include="Code\C++\CheckpointUtils.h">
      <Filter>Header Files</Filter>
    </ClInclude>
    <ClInclude Include="Code\C++\Config.h">
      <Filter>Header Files</Filter>
    </ClInclude>
    <ClInclude Include="Code\C++\GpuTrainingPipeline.h">
      <Filter>Header Files</Filter>
    </ClInclude>
    <ClInclude Include="Code\C++\NeuralImageRecreator.h">
      <Filter>Header Files</Filter>
    </ClInclude>
    <ClInclude Include="Code\C++\TrainingDataset.h">
      <Filter>Header Files</Filter>
    </ClInclude>
    <ClInclude Include="Code\C++\TrainingMetricsReporter.h">
      <Filter>Header Files</Filter>
    </ClInclude>
    <ClInclude Include="Code\C++\TrainingUserActions.h">
      <Filter>Header Files</Filter>
    </ClInclude>
    <ClInclude Include="Code\C++\Gemini\stb_image_write.h">
      <Filter>Header Files</Filter>
    </ClInclude>
    <ClInclude Include="Code\C++\Gemini\TGAParser.h">
      <Filter>ParserFiles</Filter>
    </ClInclude>
    <ClInclude Include="Code\C++\Gemini\stb_image.h">
      <Filter>ParserFiles</Filter>
    </ClInclude>
    <ClInclude Include="Code\C++\Gemini\BMPParser.h">
      <Filter>ParserFiles</Filter>
    </ClInclude>
    <ClInclude Include="Code\C++\Gemini\HDRParser.h">
      <Filter>ParserFiles</Filter>
    </ClInclude>
    <ClInclude Include="Code\C++\Gemini\IImageParser.h">
      <Filter>ParserFiles</Filter>
    </ClInclude>
    <ClInclude Include="Code\C++\Gemini\ImageParser.h">
      <Filter>ParserFiles</Filter>
    </ClInclude>
    <ClInclude Include="Code\C++\Gemini\JPEGParser.h">
      <Filter>ParserFiles</Filter>
    </ClInclude>
    <ClInclude Include="Code\C++\Gemini\PngParser.h">
      <Filter>ParserFiles</Filter>
    </ClInclude>
    <ClInclude Include="Code\C++\PythonVisualizerBridge.h">
      <Filter>Header Files</Filter>
    </ClInclude>
    <ClInclude Include="Code\C++\VizProtocol.h">
      <Filter>Header Files</Filter>
    </ClInclude>
  </ItemGroup>
  <ItemGroup>
    <CudaCompile Include="Code\cuda\ForwardPass.cu" />
    <CudaCompile Include="Code\cuda\CudaManager.cuh" />
    <CudaCompile Include="Code\cuda\ForwardPass.cuh" />
    <CudaCompile Include="Code\cuda\GpuActivations.cuh" />
    <CudaCompile Include="Code\cuda\GpuBuffer.cuh" />
    <CudaCompile Include="Code\cuda\BackwardPass.cu" />
    <CudaCompile Include="Code\cuda\AdamOptimizer.cu" />
    <CudaCompile Include="Code\cuda\BackwardPass.cuh" />
    <CudaCompile Include="Code\cuda\AdamOptimizer.cuh" />
    <CudaCompile Include="Code\cuda\GpuCostFunctions.cuh" />
    <CudaCompile Include="Code\cuda\GridEncoding.cu" />
    <CudaCompile Include="Code\cuda\GridEncoding.cuh" />
  </ItemGroup>
</Project>